
Microsoft Visual Studio Solution File, Format Version 12.00
# Visual Studio Version 16
VisualStudioVersion = 16.0.29911.84
MinimumVisualStudioVersion = 10.0.40219.1
Project("{9A19103F-16F7-4668-BE54-9A1E7A4F7556}") = "Employee.API", "Employee.API\Employee.API.csproj", "{FF24E3CC-A48E-4AA5-AF28-4A6680259A56}"
EndProject
Project("{9A19103F-16F7-4668-BE54-9A1E7A4F7556}") = "Employee.DBCore", "Employee.DBCore\Employee.DBCore.csproj", "{EB83DF38-CE8D-40C8-9553-2803FE1153E1}"
EndProject
Project("{9A19103F-16F7-4668-BE54-9A1E7A4F7556}") = "Employee.Models", "Employee.Models\Employee.Models.csproj", "{5866DADB-566D-49E8-9DAC-B75E89FBFB3A}"
EndProject
Project("{9A19103F-16F7-4668-BE54-9A1E7A4F7556}") = "Employee.Services", "Employee.Services\Employee.Services.csproj", "{2029CF24-D777-4763-AEB4-A82D77389A89}"
EndProject
Project("{9A19103F-16F7-4668-BE54-9A1E7A4F7556}") = "Employee.Utilities", "Employee.Utilities\Employee.Utilities.csproj", "{EDA128E7-7D47-4B39-82D1-7D0438CBCA54}"
EndProject
Global
	GlobalSection(SolutionConfigurationPlatforms) = preSolution
		Debug|Any CPU = Debug|Any CPU
		Release|Any CPU = Release|Any CPU
	EndGlobalSection
	GlobalSection(ProjectConfigurationPlatforms) = postSolution
		{FF24E3CC-A48E-4AA5-AF28-4A6680259A56}.Debug|Any CPU.ActiveCfg = Debug|Any CPU
		{FF24E3CC-A48E-4AA5-AF28-4A6680259A56}.Debug|Any CPU.Build.0 = Debug|Any CPU
		{FF24E3CC-A48E-4AA5-AF28-4A6680259A56}.Release|Any CPU.ActiveCfg = Release|Any CPU
		{FF24E3CC-A48E-4AA5-AF28-4A6680259A56}.Release|Any CPU.Build.0 = Release|Any CPU
		{EB83DF38-CE8D-40C8-9553-2803FE1153E1}.Debug|Any CPU.ActiveCfg = Debug|Any CPU
		{EB83DF38-CE8D-40C8-9553-2803FE1153E1}.Debug|Any CPU.Build.0 = Debug|Any CPU
		{EB83DF38-CE8D-40C8-9553-2803FE1153E1}.Release|Any CPU.ActiveCfg = Release|Any CPU
		{EB83DF38-CE8D-40C8-9553-2803FE1153E1}.Release|Any CPU.Build.0 = Release|Any CPU
		{5866DADB-566D-49E8-9DAC-B75E89FBFB3A}.Debug|Any CPU.ActiveCfg = Debug|Any CPU
		{5866DADB-566D-49E8-9DAC-B75E89FBFB3A}.Debug|Any CPU.Build.0 = Debug|Any CPU
		{5866DADB-566D-49E8-9DAC-B75E89FBFB3A}.Release|Any CPU.ActiveCfg = Release|Any CPU
		{5866DADB-566D-49E8-9DAC-B75E89FBFB3A}.Release|Any CPU.Build.0 = Release|Any CPU
		{2029CF24-D777-4763-AEB4-A82D77389A89}.Debug|Any CPU.ActiveCfg = Debug|Any CPU
		{2029CF24-D777-4763-AEB4-A82D77389A89}.Debug|Any CPU.Build.0 = Debug|Any CPU
		{2029CF24-D777-4763-AEB4-A82D77389A89}.Release|Any CPU.ActiveCfg = Release|Any CPU
		{2029CF24-D777-4763-AEB4-A82D77389A89}.Release|Any CPU.Build.0 = Release|Any CPU
		{EDA128E7-7D47-4B39-82D1-7D0438CBCA54}.Debug|Any CPU.ActiveCfg = Debug|Any CPU
		{EDA128E7-7D47-4B39-82D1-7D0438CBCA54}.Debug|Any CPU.Build.0 = Debug|Any CPU
		{EDA128E7-7D47-4B39-82D1-7D0438CBCA54}.Release|Any CPU.ActiveCfg = Release|Any CPU
		{EDA128E7-7D47-4B39-82D1-7D0438CBCA54}.Release|Any CPU.Build.0 = Release|Any CPU
	EndGlobalSection
	GlobalSection(SolutionProperties) = preSolution
		HideSolutionNode = FALSE
	EndGlobalSection
	GlobalSection(ExtensibilityGlobals) = postSolution
		SolutionGuid = {C91CFC69-106D-4015-AB97-6D95217B8622}
	EndGlobalSection
EndGlobal
